
Microsoft Visual Studio Solution File, Format Version 12.00
# Visual Studio 15
VisualStudioVersion = 15.0.26730.3
MinimumVisualStudioVersion = 10.0.40219.1
Project("{FAE04EC0-301F-11D3-BF4B-00C04F79EFBC}") = "lab5", "lab5\lab5.csproj", "{65ED4F20-4ADD-4D5B-BE4A-BDD18D6442CB}"
EndProject
Global
	GlobalSection(SolutionConfigurationPlatforms) = preSolution
		Debug|Any CPU = Debug|Any CPU
		Release|Any CPU = Release|Any CPU
	EndGlobalSection
	GlobalSection(ProjectConfigurationPlatforms) = postSolution
		{65ED4F20-4ADD-4D5B-BE4A-BDD18D6442CB}.Debug|Any CPU.ActiveCfg = Debug|Any CPU
		{65ED4F20-4ADD-4D5B-BE4A-BDD18D6442CB}.Debug|Any CPU.Build.0 = Debug|Any CPU
		{65ED4F20-4ADD-4D5B-BE4A-BDD18D6442CB}.Release|Any CPU.ActiveCfg = Release|Any CPU
		{65ED4F20-4ADD-4D5B-BE4A-BDD18D6442CB}.Release|Any CPU.Build.0 = Release|Any CPU
	EndGlobalSection
	GlobalSection(SolutionProperties) = preSolution
		HideSolutionNode = FALSE
	EndGlobalSection
	GlobalSection(ExtensibilityGlobals) = postSolution
		SolutionGuid = {72B2279D-92D9-4DAB-A2B1-3972926BAFF4}
	EndGlobalSection
EndGlobal
